// !$*UTF8*$!
{
	archiveVersion = 1;
	classes = {
	};
	objectVersion = 56;
	objects = {

/* Begin PBXBuildFile section */
		A1B2C3D4E5F60001 /* AITrackerApp.swift in Sources */ = {isa = PBXBuildFile; fileRef = A1B2C3D4E5F61001 /* AITrackerApp.swift */; };
		A1B2C3D4E5F60002 /* AppDelegate.swift in Sources */ = {isa = PBXBuildFile; fileRef = A1B2C3D4E5F61002 /* AppDelegate.swift */; };
		A1B2C3D4E5F60003 /* UsageViewModel.swift in Sources */ = {isa = PBXBuildFile; fileRef = A1B2C3D4E5F61003 /* UsageViewModel.swift */; };
		A1B2C3D4E5F60004 /* StatusBarController.swift in Sources */ = {isa = PBXBuildFile; fileRef = A1B2C3D4E5F61004 /* StatusBarController.swift */; };
		A1B2C3D4E5F60005 /* StackedBarView.swift in Sources */ = {isa = PBXBuildFile; fileRef = A1B2C3D4E5F61005 /* StackedBarView.swift */; };
		A1B2C3D4E5F60006 /* PopoverController.swift in Sources */ = {isa = PBXBuildFile; fileRef = A1B2C3D4E5F61006 /* PopoverController.swift */; };
		A1B2C3D4E5F60007 /* PopoverView.swift in Sources */ = {isa = PBXBuildFile; fileRef = A1B2C3D4E5F61007 /* PopoverView.swift */; };
		A1B2C3D4E5F60008 /* UsageProviders.swift in Sources */ = {isa = PBXBuildFile; fileRef = A1B2C3D4E5F61008 /* UsageProviders.swift */; };
		A1B2C3D4E5F60009 /* SettingsView.swift in Sources */ = {isa = PBXBuildFile; fileRef = A1B2C3D4E5F61009 /* SettingsView.swift */; };
/* End PBXBuildFile section */

/* Begin PBXFileReference section */
		A1B2C3D4E5F61001 /* AITrackerApp.swift */ = {isa = PBXFileReference; lastKnownFileType = sourcecode.swift; path = AITrackerApp.swift; sourceTree = "<group>"; };
		A1B2C3D4E5F61002 /* AppDelegate.swift */ = {isa = PBXFileReference; lastKnownFileType = sourcecode.swift; path = AppDelegate.swift; sourceTree = "<group>"; };
		A1B2C3D4E5F61003 /* UsageViewModel.swift */ = {isa = PBXFileReference; lastKnownFileType = sourcecode.swift; path = UsageViewModel.swift; sourceTree = "<group>"; };
		A1B2C3D4E5F61004 /* StatusBarController.swift */ = {isa = PBXFileReference; lastKnownFileType = sourcecode.swift; path = StatusBarController.swift; sourceTree = "<group>"; };
		A1B2C3D4E5F61005 /* StackedBarView.swift */ = {isa = PBXFileReference; lastKnownFileType = sourcecode.swift; path = StackedBarView.swift; sourceTree = "<group>"; };
		A1B2C3D4E5F61006 /* PopoverController.swift */ = {isa = PBXFileReference; lastKnownFileType = sourcecode.swift; path = PopoverController.swift; sourceTree = "<group>"; };
		A1B2C3D4E5F61007 /* PopoverView.swift */ = {isa = PBXFileReference; lastKnownFileType = sourcecode.swift; path = PopoverView.swift; sourceTree = "<group>"; };
		A1B2C3D4E5F61008 /* UsageProviders.swift */ = {isa = PBXFileReference; lastKnownFileType = sourcecode.swift; path = UsageProviders.swift; sourceTree = "<group>"; };
		A1B2C3D4E5F61009 /* SettingsView.swift */ = {isa = PBXFileReference; lastKnownFileType = sourcecode.swift; path = SettingsView.swift; sourceTree = "<group>"; };
		A1B2C3D4E5F62001 /* AITracker.app */ = {isa = PBXFileReference; explicitFileType = wrapper.application; includeInIndex = 0; path = AITracker.app; sourceTree = BUILT_PRODUCTS_DIR; };
/* End PBXFileReference section */

/* Begin PBXGroup section */
		A1B2C3D4E5F63001 /* AITracker */ = {
			isa = PBXGroup;
			children = (
				A1B2C3D4E5F61001 /* AITrackerApp.swift */,
				A1B2C3D4E5F61002 /* AppDelegate.swift */,
				A1B2C3D4E5F61003 /* UsageViewModel.swift */,
				A1B2C3D4E5F61004 /* StatusBarController.swift */,
				A1B2C3D4E5F61005 /* StackedBarView.swift */,
				A1B2C3D4E5F61006 /* PopoverController.swift */,
				A1B2C3D4E5F61007 /* PopoverView.swift */,
				A1B2C3D4E5F61008 /* UsageProviders.swift */,
				A1B2C3D4E5F61009 /* SettingsView.swift */,
			);
			path = AITracker;
			sourceTree = "<group>";
		};
		A1B2C3D4E5F63002 /* Products */ = {
			isa = PBXGroup;
			children = (
				A1B2C3D4E5F62001 /* AITracker.app */,
			);
			name = Products;
			sourceTree = "<group>";
		};
		A1B2C3D4E5F63003 /* = */ = {
			isa = PBXGroup;
			children = (
				A1B2C3D4E5F63001 /* AITracker */,
				A1B2C3D4E5F63002 /* Products */,
			);
			sourceTree = "<group>";
		};
/* End PBXGroup section */

/* Begin PBXNativeTarget section */
		A1B2C3D4E5F64001 /* AITracker */ = {
			isa = PBXNativeTarget;
			buildConfigurationList = A1B2C3D4E5F66001 /* Build configuration list for PBXNativeTarget "AITracker" */;
			buildPhases = (
				A1B2C3D4E5F65001 /* Sources */,
			);
			buildRules = (
			);
			dependencies = (
			);
			name = AITracker;
			productName = AITracker;
			productReference = A1B2C3D4E5F62001 /* AITracker.app */;
			productType = "com.apple.product-type.application";
		};
/* End PBXNativeTarget section */

/* Begin PBXProject section */
		A1B2C3D4E5F67001 /* Project object */ = {
			isa = PBXProject;
			attributes = {
				BuildIndependentTargetsInParallel = 1;
				LastSwiftUpdateCheck = 1500;
				LastUpgradeCheck = 1500;
			};
			buildConfigurationList = A1B2C3D4E5F66002 /* Build configuration list for PBXProject "AITracker" */;
			compatibilityVersion = "Xcode 14.0";
			developmentRegion = en;
			hasScannedForEncodings = 0;
			knownRegions = (
				en,
				Base,
			);
			mainGroup = A1B2C3D4E5F63003;
			productRefGroup = A1B2C3D4E5F63002 /* Products */;
			projectDirPath = "";
			projectRoot = "";
			targets = (
				A1B2C3D4E5F64001 /* AITracker */,
			);
		};
/* End PBXProject section */

/* Begin PBXSourcesBuildPhase section */
		A1B2C3D4E5F65001 /* Sources */ = {
			isa = PBXSourcesBuildPhase;
			buildActionMask = 2147483647;
			files = (
				A1B2C3D4E5F60001 /* AITrackerApp.swift in Sources */,
				A1B2C3D4E5F60002 /* AppDelegate.swift in Sources */,
				A1B2C3D4E5F60003 /* UsageViewModel.swift in Sources */,
				A1B2C3D4E5F60004 /* StatusBarController.swift in Sources */,
				A1B2C3D4E5F60005 /* StackedBarView.swift in Sources */,
				A1B2C3D4E5F60006 /* PopoverController.swift in Sources */,
				A1B2C3D4E5F60007 /* PopoverView.swift in Sources */,
				A1B2C3D4E5F60008 /* UsageProviders.swift in Sources */,
				A1B2C3D4E5F60009 /* SettingsView.swift in Sources */,
			);
			runOnlyForDeploymentPostprocessing = 0;
		};
/* End PBXSourcesBuildPhase section */

/* Begin XCBuildConfiguration section */
		A1B2C3D4E5F68001 /* Debug */ = {
			isa = XCBuildConfiguration;
			buildSettings = {
				ALWAYS_SEARCH_USER_PATHS = NO;
				CLANG_ANALYZER_NONNULL = YES;
				CLANG_CXX_LANGUAGE_STANDARD = "gnu++20";
				CLANG_ENABLE_MODULES = YES;
				CLANG_ENABLE_OBJC_ARC = YES;
				COPY_PHASE_STRIP = NO;
				DEBUG_INFORMATION_FORMAT = dwarf;
				ENABLE_STRICT_OBJC_MSGSEND = YES;
				ENABLE_TESTABILITY = YES;
				GCC_DYNAMIC_NO_PIC = NO;
				GCC_NO_COMMON_BLOCKS = YES;
				GCC_OPTIMIZATION_LEVEL = 0;
				GCC_PREPROCESSOR_DEFINITIONS = (
					"DEBUG=1",
					"$(inherited)",
				);
				GCC_WARN_64_TO_32_BIT_CONVERSION = YES;
				GCC_WARN_ABOUT_RETURN_TYPE = YES_ERROR;
				GCC_WARN_UNDECLARED_SELECTOR = YES;
				GCC_WARN_UNINITIALIZED_AUTOS = YES_AGGRESSIVE;
				GCC_WARN_UNUSED_FUNCTION = YES;
				GCC_WARN_UNUSED_VARIABLE = YES;
				MACOSX_DEPLOYMENT_TARGET = 14.0;
				MTL_ENABLE_DEBUG_INFO = INCLUDE_SOURCE;
				MTL_FAST_MATH = YES;
				ONLY_ACTIVE_ARCH = YES;
				SDKROOT = macosx;
				SWIFT_ACTIVE_COMPILATION_CONDITIONS = "DEBUG $(inherited)";
				SWIFT_OPTIMIZATION_LEVEL = "-Onone";
			};
			name = Debug;
		};
		A1B2C3D4E5F68002 /* Release */ = {
			isa = XCBuildConfiguration;
			buildSettings = {
				ALWAYS_SEARCH_USER_PATHS = NO;
				CLANG_ANALYZER_NONNULL = YES;
				CLANG_CXX_LANGUAGE_STANDARD = "gnu++20";
				CLANG_ENABLE_MODULES = YES;
				CLANG_ENABLE_OBJC_ARC = YES;
				COPY_PHASE_STRIP = NO;
				DEBUG_INFORMATION_FORMAT = "dwarf-with-dsym";
				ENABLE_NS_ASSERTIONS = NO;
				ENABLE_STRICT_OBJC_MSGSEND = YES;
				GCC_NO_COMMON_BLOCKS = YES;
				GCC_WARN_64_TO_32_BIT_CONVERSION = YES;
				GCC_WARN_ABOUT_RETURN_TYPE = YES_ERROR;
				GCC_WARN_UNDECLARED_SELECTOR = YES;
				GCC_WARN_UNINITIALIZED_AUTOS = YES_AGGRESSIVE;
				GCC_WARN_UNUSED_FUNCTION = YES;
				GCC_WARN_UNUSED_VARIABLE = YES;
				MACOSX_DEPLOYMENT_TARGET = 14.0;
				MTL_ENABLE_DEBUG_INFO = NO;
				MTL_FAST_MATH = YES;
				SDKROOT = macosx;
				SWIFT_COMPILATION_MODE = wholemodule;
			};
			name = Release;
		};
	A1B2C3D4E5F68003 /* Debug */ = {
		isa = XCBuildConfiguration;
		buildSettings = {
			ASSETCATALOG_COMPILER_APPICON_NAME = AppIcon;
			CODE_SIGN_ENTITLEMENTS = AITracker/AITracker.entitlements;
			CODE_SIGN_STYLE = Automatic;
			CODE_SIGNING_ALLOWED = NO;
			COMBINE_HIDPI_IMAGES = YES;
			CURRENT_PROJECT_VERSION = 1;
			GENERATE_INFOPLIST_FILE = NO;
			INFOPLIST_FILE = AITracker/Info.plist;
			LD_RUNPATH_SEARCH_PATHS = (
				"$(inherited)",
				"@executable_path/../Frameworks",
			);
			MARKETING_VERSION = 1.0;
			PRODUCT_BUNDLE_IDENTIFIER = com.example.AITracker;
			PRODUCT_NAME = "$(TARGET_NAME)";
			SWIFT_EMIT_LOC_STRINGS = YES;
			SWIFT_VERSION = 5.0;
		};
		name = Debug;
	};
	A1B2C3D4E5F68004 /* Release */ = {
		isa = XCBuildConfiguration;
		buildSettings = {
			ASSETCATALOG_COMPILER_APPICON_NAME = AppIcon;
			CODE_SIGN_ENTITLEMENTS = AITracker/AITracker.entitlements;
			CODE_SIGN_STYLE = Automatic;
			CODE_SIGNING_ALLOWED = NO;
			COMBINE_HIDPI_IMAGES = YES;
			CURRENT_PROJECT_VERSION = 1;
			GENERATE_INFOPLIST_FILE = NO;
			INFOPLIST_FILE = AITracker/Info.plist;
			LD_RUNPATH_SEARCH_PATHS = (
				"$(inherited)",
				"@executable_path/../Frameworks",
			);
			MARKETING_VERSION = 1.0;
			PRODUCT_BUNDLE_IDENTIFIER = com.example.AITracker;
			PRODUCT_NAME = "$(TARGET_NAME)";
			SWIFT_EMIT_LOC_STRINGS = YES;
			SWIFT_VERSION = 5.0;
		};
		name = Release;
	};
/* End XCBuildConfiguration section */

/* Begin XCConfigurationList section */
		A1B2C3D4E5F66001 /* Build configuration list for PBXNativeTarget "AITracker" */ = {
			isa = XCConfigurationList;
			buildConfigurations = (
				A1B2C3D4E5F68003 /* Debug */,
				A1B2C3D4E5F68004 /* Release */,
			);
			defaultConfigurationIsVisible = 0;
			defaultConfigurationName = Release;
		};
		A1B2C3D4E5F66002 /* Build configuration list for PBXProject "AITracker" */ = {
			isa = XCConfigurationList;
			buildConfigurations = (
				A1B2C3D4E5F68001 /* Debug */,
				A1B2C3D4E5F68002 /* Release */,
			);
			defaultConfigurationIsVisible = 0;
			defaultConfigurationName = Release;
		};
/* End XCConfigurationList section */

	};
	rootObject = A1B2C3D4E5F67001 /* Project object */;
}
